
Microsoft Visual Studio Solution File, Format Version 12.00
# Visual Studio Version 16
VisualStudioVersion = 25.0.1704.3
MinimumVisualStudioVersion = 10.0.40219.1
Project("{FAE04EC0-301F-11D3-BF4B-00C04F79EFBC}") = "HelloKings", "HelloKings\HelloKings.csproj", "{B23FD74E-6319-40B4-881E-AA980D4E6646}"
EndProject
Global
	GlobalSection(SolutionConfigurationPlatforms) = preSolution
		Debug|Any CPU = Debug|Any CPU
		Release|Any CPU = Release|Any CPU
	EndGlobalSection
	GlobalSection(ProjectConfigurationPlatforms) = postSolution
		{B23FD74E-6319-40B4-881E-AA980D4E6646}.Debug|Any CPU.ActiveCfg = Debug|Any CPU
		{B23FD74E-6319-40B4-881E-AA980D4E6646}.Debug|Any CPU.Build.0 = Debug|Any CPU
		{B23FD74E-6319-40B4-881E-AA980D4E6646}.Release|Any CPU.ActiveCfg = Release|Any CPU
		{B23FD74E-6319-40B4-881E-AA980D4E6646}.Release|Any CPU.Build.0 = Release|Any CPU
	EndGlobalSection
	GlobalSection(SolutionProperties) = preSolution
		HideSolutionNode = FALSE
	EndGlobalSection
	GlobalSection(ExtensibilityGlobals) = postSolution
		SolutionGuid = {1CDBBDD1-D10B-4ABD-A0C8-8E6570F4459D}
	EndGlobalSection
EndGlobal
